
Microsoft Visual Studio Solution File, Format Version 12.00
# Visual Studio Version 16
VisualStudioVersion = 16.0.31229.75
MinimumVisualStudioVersion = 10.0.40219.1
Project("{FAE04EC0-301F-11D3-BF4B-00C04F79EFBC}") = "Our.Umbraco.Hider.UI", "Our.Umbraco.Hider.UI\Our.Umbraco.Hider.UI.csproj", "{69C3C8DB-7F19-4622-A19B-359A5273FD9D}"
EndProject
Project("{FAE04EC0-301F-11D3-BF4B-00C04F79EFBC}") = "Our.Umbraco.Hider.Core", "Our.Umbraco.Hider.Core\Our.Umbraco.Hider.Core.csproj", "{E5088636-8C91-4CBA-A3AA-881D3D0B7888}"
EndProject
Global
	GlobalSection(SolutionConfigurationPlatforms) = preSolution
		Debug|Any CPU = Debug|Any CPU
		Release|Any CPU = Release|Any CPU
	EndGlobalSection
	GlobalSection(ProjectConfigurationPlatforms) = postSolution
		{69C3C8DB-7F19-4622-A19B-359A5273FD9D}.Debug|Any CPU.ActiveCfg = Debug|Any CPU
		{69C3C8DB-7F19-4622-A19B-359A5273FD9D}.Debug|Any CPU.Build.0 = Debug|Any CPU
		{69C3C8DB-7F19-4622-A19B-359A5273FD9D}.Release|Any CPU.ActiveCfg = Release|Any CPU
		{69C3C8DB-7F19-4622-A19B-359A5273FD9D}.Release|Any CPU.Build.0 = Release|Any CPU
		{E5088636-8C91-4CBA-A3AA-881D3D0B7888}.Debug|Any CPU.ActiveCfg = Debug|Any CPU
		{E5088636-8C91-4CBA-A3AA-881D3D0B7888}.Debug|Any CPU.Build.0 = Debug|Any CPU
		{E5088636-8C91-4CBA-A3AA-881D3D0B7888}.Release|Any CPU.ActiveCfg = Release|Any CPU
		{E5088636-8C91-4CBA-A3AA-881D3D0B7888}.Release|Any CPU.Build.0 = Release|Any CPU
	EndGlobalSection
	GlobalSection(SolutionProperties) = preSolution
		HideSolutionNode = FALSE
	EndGlobalSection
	GlobalSection(ExtensibilityGlobals) = postSolution
		SolutionGuid = {E391F72C-3CDE-4BFC-B8D5-8785249833F8}
	EndGlobalSection
EndGlobal
